// !$*UTF8*$!
{
	archiveVersion = 1;
	classes = {
	};
	objectVersion = 77;
	objects = {

/* Begin PBXContainerItemProxy section */
		A0D4EBFE2DA477300056587E /* PBXContainerItemProxy */ = {
			isa = PBXContainerItemProxy;
			containerPortal = A0D4EBDF2DA4772C0056587E /* Project object */;
			proxyType = 1;
			remoteGlobalIDString = A0D4EBE62DA4772D0056587E;
			remoteInfo = "BMI Calculator OOP";
		};
		A0D4EC082DA477300056587E /* PBXContainerItemProxy */ = {
			isa = PBXContainerItemProxy;
			containerPortal = A0D4EBDF2DA4772C0056587E /* Project object */;
			proxyType = 1;
			remoteGlobalIDString = A0D4EBE62DA4772D0056587E;
			remoteInfo = "BMI Calculator OOP";
		};
/* End PBXContainerItemProxy section */

/* Begin PBXFileReference section */
		A0D4EBE72DA4772D0056587E /* BMI Calculator OOP.app */ = {isa = PBXFileReference; explicitFileType = wrapper.application; includeInIndex = 0; path = "BMI Calculator OOP.app"; sourceTree = BUILT_PRODUCTS_DIR; };
		A0D4EBFD2DA477300056587E /* BMI Calculator OOPTests.xctest */ = {isa = PBXFileReference; explicitFileType = wrapper.cfbundle; includeInIndex = 0; path = "BMI Calculator OOPTests.xctest"; sourceTree = BUILT_PRODUCTS_DIR; };
		A0D4EC072DA477300056587E /* BMI Calculator OOPUITests.xctest */ = {isa = PBXFileReference; explicitFileType = wrapper.cfbundle; includeInIndex = 0; path = "BMI Calculator OOPUITests.xctest"; sourceTree = BUILT_PRODUCTS_DIR; };
/* End PBXFileReference section */

/* Begin PBXFileSystemSynchronizedBuildFileExceptionSet section */
		A0D4EC0F2DA477300056587E /* Exceptions for "BMI Calculator OOP" folder in "BMI Calculator OOP" target */ = {
			isa = PBXFileSystemSynchronizedBuildFileExceptionSet;
			membershipExceptions = (
				Info.plist,
			);
			target = A0D4EBE62DA4772D0056587E /* BMI Calculator OOP */;
		};
/* End PBXFileSystemSynchronizedBuildFileExceptionSet section */

/* Begin PBXFileSystemSynchronizedRootGroup section */
		A0D4EBE92DA4772D0056587E /* BMI Calculator OOP */ = {
			isa = PBXFileSystemSynchronizedRootGroup;
			exceptions = (
				A0D4EC0F2DA477300056587E /* Exceptions for "BMI Calculator OOP" folder in "BMI Calculator OOP" target */,
			);
			path = "BMI Calculator OOP";
			sourceTree = "<group>";
		};
		A0D4EC002DA477300056587E /* BMI Calculator OOPTests */ = {
			isa = PBXFileSystemSynchronizedRootGroup;
			path = "BMI Calculator OOPTests";
			sourceTree = "<group>";
		};
		A0D4EC0A2DA477300056587E /* BMI Calculator OOPUITests */ = {
			isa = PBXFileSystemSynchronizedRootGroup;
			path = "BMI Calculator OOPUITests";
			sourceTree = "<group>";
		};
/* End PBXFileSystemSynchronizedRootGroup section */

/* Begin PBXFrameworksBuildPhase section */
		A0D4EBE42DA4772D0056587E /* Frameworks */ = {
			isa = PBXFrameworksBuildPhase;
			buildActionMask = 2147483647;
			files = (
			);
			runOnlyForDeploymentPostprocessing = 0;
		};
		A0D4EBFA2DA477300056587E /* Frameworks */ = {
			isa = PBXFrameworksBuildPhase;
			buildActionMask = 2147483647;
			files = (
			);
			runOnlyForDeploymentPostprocessing = 0;
		};
		A0D4EC042DA477300056587E /* Frameworks */ = {
			isa = PBXFrameworksBuildPhase;
			buildActionMask = 2147483647;
			files = (
			);
			runOnlyForDeploymentPostprocessing = 0;
		};
/* End PBXFrameworksBuildPhase section */

/* Begin PBXGroup section */
		A0D4EBDE2DA4772C0056587E = {
			isa = PBXGroup;
			children = (
				A0D4EBE92DA4772D0056587E /* BMI Calculator OOP */,
				A0D4EC002DA477300056587E /* BMI Calculator OOPTests */,
				A0D4EC0A2DA477300056587E /* BMI Calculator OOPUITests */,
				A0D4EBE82DA4772D0056587E /* Products */,
			);
			sourceTree = "<group>";
		};
		A0D4EBE82DA4772D0056587E /* Products */ = {
			isa = PBXGroup;
			children = (
				A0D4EBE72DA4772D0056587E /* BMI Calculator OOP.app */,
				A0D4EBFD2DA477300056587E /* BMI Calculator OOPTests.xctest */,
				A0D4EC072DA477300056587E /* BMI Calculator OOPUITests.xctest */,
			);
			name = Products;
			sourceTree = "<group>";
		};
/* End PBXGroup section */

/* Begin PBXNativeTarget section */
		A0D4EBE62DA4772D0056587E /* BMI Calculator OOP */ = {
			isa = PBXNativeTarget;
			buildConfigurationList = A0D4EC102DA477300056587E /* Build configuration list for PBXNativeTarget "BMI Calculator OOP" */;
			buildPhases = (
				A0D4EBE32DA4772D0056587E /* Sources */,
				A0D4EBE42DA4772D0056587E /* Frameworks */,
				A0D4EBE52DA4772D0056587E /* Resources */,
			);
			buildRules = (
			);
			dependencies = (
			);
			fileSystemSynchronizedGroups = (
				A0D4EBE92DA4772D0056587E /* BMI Calculator OOP */,
			);
			name = "BMI Calculator OOP";
			packageProductDependencies = (
			);
			productName = "BMI Calculator OOP";
			productReference = A0D4EBE72DA4772D0056587E /* BMI Calculator OOP.app */;
			productType = "com.apple.product-type.application";
		};
		A0D4EBFC2DA477300056587E /* BMI Calculator OOPTests */ = {
			isa = PBXNativeTarget;
			buildConfigurationList = A0D4EC152DA477300056587E /* Build configuration list for PBXNativeTarget "BMI Calculator OOPTests" */;
			buildPhases = (
				A0D4EBF92DA477300056587E /* Sources */,
				A0D4EBFA2DA477300056587E /* Frameworks */,
				A0D4EBFB2DA477300056587E /* Resources */,
			);
			buildRules = (
			);
			dependencies = (
				A0D4EBFF2DA477300056587E /* PBXTargetDependency */,
			);
			fileSystemSynchronizedGroups = (
				A0D4EC002DA477300056587E /* BMI Calculator OOPTests */,
			);
			name = "BMI Calculator OOPTests";
			packageProductDependencies = (
			);
			productName = "BMI Calculator OOPTests";
			productReference = A0D4EBFD2DA477300056587E /* BMI Calculator OOPTests.xctest */;
			productType = "com.apple.product-type.bundle.unit-test";
		};
		A0D4EC062DA477300056587E /* BMI Calculator OOPUITests */ = {
			isa = PBXNativeTarget;
			buildConfigurationList = A0D4EC182DA477300056587E /* Build configuration list for PBXNativeTarget "BMI Calculator OOPUITests" */;
			buildPhases = (
				A0D4EC032DA477300056587E /* Sources */,
				A0D4EC042DA477300056587E /* Frameworks */,
				A0D4EC052DA477300056587E /* Resources */,
			);
			buildRules = (
			);
			dependencies = (
				A0D4EC092DA477300056587E /* PBXTargetDependency */,
			);
			fileSystemSynchronizedGroups = (
				A0D4EC0A2DA477300056587E /* BMI Calculator OOPUITests */,
			);
			name = "BMI Calculator OOPUITests";
			packageProductDependencies = (
			);
			productName = "BMI Calculator OOPUITests";
			productReference = A0D4EC072DA477300056587E /* BMI Calculator OOPUITests.xctest */;
			productType = "com.apple.product-type.bundle.ui-testing";
		};
/* End PBXNativeTarget section */

/* Begin PBXProject section */
		A0D4EBDF2DA4772C0056587E /* Project object */ = {
			isa = PBXProject;
			attributes = {
				BuildIndependentTargetsInParallel = 1;
				LastSwiftUpdateCheck = 1620;
				LastUpgradeCheck = 1620;
				TargetAttributes = {
					A0D4EBE62DA4772D0056587E = {
						CreatedOnToolsVersion = 16.2;
					};
					A0D4EBFC2DA477300056587E = {
						CreatedOnToolsVersion = 16.2;
						TestTargetID = A0D4EBE62DA4772D0056587E;
					};
					A0D4EC062DA477300056587E = {
						CreatedOnToolsVersion = 16.2;
						TestTargetID = A0D4EBE62DA4772D0056587E;
					};
				};
			};
			buildConfigurationList = A0D4EBE22DA4772C0056587E /* Build configuration list for PBXProject "BMI Calculator OOP" */;
			developmentRegion = en;
			hasScannedForEncodings = 0;
			knownRegions = (
				en,
				Base,
			);
			mainGroup = A0D4EBDE2DA4772C0056587E;
			minimizedProjectReferenceProxies = 1;
			preferredProjectObjectVersion = 77;
			productRefGroup = A0D4EBE82DA4772D0056587E /* Products */;
			projectDirPath = "";
			projectRoot = "";
			targets = (
				A0D4EBE62DA4772D0056587E /* BMI Calculator OOP */,
				A0D4EBFC2DA477300056587E /* BMI Calculator OOPTests */,
				A0D4EC062DA477300056587E /* BMI Calculator OOPUITests */,
			);
		};
/* End PBXProject section */

/* Begin PBXResourcesBuildPhase section */
		A0D4EBE52DA4772D0056587E /* Resources */ = {
			isa = PBXResourcesBuildPhase;
			buildActionMask = 2147483647;
			files = (
			);
			runOnlyForDeploymentPostprocessing = 0;
		};
		A0D4EBFB2DA477300056587E /* Resources */ = {
			isa = PBXResourcesBuildPhase;
			buildActionMask = 2147483647;
			files = (
			);
			runOnlyForDeploymentPostprocessing = 0;
		};
		A0D4EC052DA477300056587E /* Resources */ = {
			isa = PBXResourcesBuildPhase;
			buildActionMask = 2147483647;
			files = (
			);
			runOnlyForDeploymentPostprocessing = 0;
		};
/* End PBXResourcesBuildPhase section */

/* Begin PBXSourcesBuildPhase section */
		A0D4EBE32DA4772D0056587E /* Sources */ = {
			isa = PBXSourcesBuildPhase;
			buildActionMask = 2147483647;
			files = (
			);
			runOnlyForDeploymentPostprocessing = 0;
		};
		A0D4EBF92DA477300056587E /* Sources */ = {
			isa = PBXSourcesBuildPhase;
			buildActionMask = 2147483647;
			files = (
			);
			runOnlyForDeploymentPostprocessing = 0;
		};
		A0D4EC032DA477300056587E /* Sources */ = {
			isa = PBXSourcesBuildPhase;
			buildActionMask = 2147483647;
			files = (
			);
			runOnlyForDeploymentPostprocessing = 0;
		};
/* End PBXSourcesBuildPhase section */

/* Begin PBXTargetDependency section */
		A0D4EBFF2DA477300056587E /* PBXTargetDependency */ = {
			isa = PBXTargetDependency;
			target = A0D4EBE62DA4772D0056587E /* BMI Calculator OOP */;
			targetProxy = A0D4EBFE2DA477300056587E /* PBXContainerItemProxy */;
		};
		A0D4EC092DA477300056587E /* PBXTargetDependency */ = {
			isa = PBXTargetDependency;
			target = A0D4EBE62DA4772D0056587E /* BMI Calculator OOP */;
			targetProxy = A0D4EC082DA477300056587E /* PBXContainerItemProxy */;
		};
/* End PBXTargetDependency section */

/* Begin XCBuildConfiguration section */
		A0D4EC112DA477300056587E /* Debug */ = {
			isa = XCBuildConfiguration;
			buildSettings = {
				ASSETCATALOG_COMPILER_APPICON_NAME = AppIcon;
				ASSETCATALOG_COMPILER_GLOBAL_ACCENT_COLOR_NAME = AccentColor;
				CODE_SIGN_STYLE = Automatic;
				CURRENT_PROJECT_VERSION = 1;
				DEVELOPMENT_TEAM = D9C28JTVJV;
				GENERATE_INFOPLIST_FILE = YES;
				INFOPLIST_FILE = "BMI Calculator OOP/Info.plist";
				INFOPLIST_KEY_UIApplicationSupportsIndirectInputEvents = YES;
				INFOPLIST_KEY_UILaunchStoryboardName = LaunchScreen;
				INFOPLIST_KEY_UIMainStoryboardFile = Main;
				INFOPLIST_KEY_UISupportedInterfaceOrientations_iPad = "UIInterfaceOrientationPortrait UIInterfaceOrientationPortraitUpsideDown UIInterfaceOrientationLandscapeLeft UIInterfaceOrientationLandscapeRight";
				INFOPLIST_KEY_UISupportedInterfaceOrientations_iPhone = "UIInterfaceOrientationPortrait UIInterfaceOrientationLandscapeLeft UIInterfaceOrientationLandscapeRight";
				LD_RUNPATH_SEARCH_PATHS = (
					"$(inherited)",
					"@executable_path/Frameworks",
				);
				MARKETING_VERSION = 1.0;
				PRODUCT_BUNDLE_IDENTIFIER = "com.cybercitycode.BMI-Calculator-OOP";
				PRODUCT_NAME = "$(TARGET_NAME)";
				SWIFT_EMIT_LOC_STRINGS = YES;
				SWIFT_VERSION = 5.0;
				TARGETED_DEVICE_FAMILY = "1,2";
			};
			name = Debug;
		};
		A0D4EC122DA477300056587E /* Release */ = {
			isa = XCBuildConfiguration;
			buildSettings = {
				ASSETCATALOG_COMPILER_APPICON_NAME = AppIcon;
				ASSETCATALOG_COMPILER_GLOBAL_ACCENT_COLOR_NAME = AccentColor;
				CODE_SIGN_STYLE = Automatic;
				CURRENT_PROJECT_VERSION = 1;
				DEVELOPMENT_TEAM = D9C28JTVJV;
				GENERATE_INFOPLIST_FILE = YES;
				INFOPLIST_FILE = "BMI Calculator OOP/Info.plist";
				INFOPLIST_KEY_UIApplicationSupportsIndirectInputEvents = YES;
				INFOPLIST_KEY_UILaunchStoryboardName = LaunchScreen;
				INFOPLIST_KEY_UIMainStoryboardFile = Main;
				INFOPLIST_KEY_UISupportedInterfaceOrientations_iPad = "UIInterfaceOrientationPortrait UIInterfaceOrientationPortraitUpsideDown UIInterfaceOrientationLandscapeLeft UIInterfaceOrientationLandscapeRight";
				INFOPLIST_KEY_UISupportedInterfaceOrientations_iPhone = "UIInterfaceOrientationPortrait UIInterfaceOrientationLandscapeLeft UIInterfaceOrientationLandscapeRight";
				LD_RUNPATH_SEARCH_PATHS = (
					"$(inherited)",
					"@executable_path/Frameworks",
				);
				MARKETING_VERSION = 1.0;
				PRODUCT_BUNDLE_IDENTIFIER = "com.cybercitycode.BMI-Calculator-OOP";
				PRODUCT_NAME = "$(TARGET_NAME)";
				SWIFT_EMIT_LOC_STRINGS = YES;
				SWIFT_VERSION = 5.0;
				TARGETED_DEVICE_FAMILY = "1,2";
			};
			name = Release;
		};
		A0D4EC132DA477300056587E /* Debug */ = {
			isa = XCBuildConfiguration;
			buildSettings = {
				ALWAYS_SEARCH_USER_PATHS = NO;
				ASSETCATALOG_COMPILER_GENERATE_SWIFT_ASSET_SYMBOL_EXTENSIONS = YES;
				CLANG_ANALYZER_NONNULL = YES;
				CLANG_ANALYZER_NUMBER_OBJECT_CONVERSION = YES_AGGRESSIVE;
				CLANG_CXX_LANGUAGE_STANDARD = "gnu++20";
				CLANG_ENABLE_MODULES = YES;
				CLANG_ENABLE_OBJC_ARC = YES;
				CLANG_ENABLE_OBJC_WEAK = YES;
				CLANG_WARN_BLOCK_CAPTURE_AUTORELEASING = YES;
				CLANG_WARN_BOOL_CONVERSION = YES;
				CLANG_WARN_COMMA = YES;
				CLANG_WARN_CONSTANT_CONVERSION = YES;
				CLANG_WARN_DEPRECATED_OBJC_IMPLEMENTATIONS = YES;
				CLANG_WARN_DIRECT_OBJC_ISA_USAGE = YES_ERROR;
				CLANG_WARN_DOCUMENTATION_COMMENTS = YES;
				CLANG_WARN_EMPTY_BODY = YES;
				CLANG_WARN_ENUM_CONVERSION = YES;
				CLANG_WARN_INFINITE_RECURSION = YES;
				CLANG_WARN_INT_CONVERSION = YES;
				CLANG_WARN_NON_LITERAL_NULL_CONVERSION = YES;
				CLANG_WARN_OBJC_IMPLICIT_RETAIN_SELF = YES;
				CLANG_WARN_OBJC_LITERAL_CONVERSION = YES;
				CLANG_WARN_OBJC_ROOT_CLASS = YES_ERROR;
				CLANG_WARN_QUOTED_INCLUDE_IN_FRAMEWORK_HEADER = YES;
				CLANG_WARN_RANGE_LOOP_ANALYSIS = YES;
				CLANG_WARN_STRICT_PROTOTYPES = YES;
				CLANG_WARN_SUSPICIOUS_MOVE = YES;
				CLANG_WARN_UNGUARDED_AVAILABILITY = YES_AGGRESSIVE;
				CLANG_WARN_UNREACHABLE_CODE = YES;
				CLANG_WARN__DUPLICATE_METHOD_MATCH = YES;
				COPY_PHASE_STRIP = NO;
				DEBUG_INFORMATION_FORMAT = dwarf;
				ENABLE_STRICT_OBJC_MSGSEND = YES;
				ENABLE_TESTABILITY = YES;
				ENABLE_USER_SCRIPT_SANDBOXING = YES;
				GCC_C_LANGUAGE_STANDARD = gnu17;
				GCC_DYNAMIC_NO_PIC = NO;
				GCC_NO_COMMON_BLOCKS = YES;
				GCC_OPTIMIZATION_LEVEL = 0;
				GCC_PREPROCESSOR_DEFINITIONS = (
					"DEBUG=1",
					"$(inherited)",
				);
				GCC_WARN_64_TO_32_BIT_CONVERSION = YES;
				GCC_WARN_ABOUT_RETURN_TYPE = YES_ERROR;
				GCC_WARN_UNDECLARED_SELECTOR = YES;
				GCC_WARN_UNINITIALIZED_AUTOS = YES_AGGRESSIVE;
				GCC_WARN_UNUSED_FUNCTION = YES;
				GCC_WARN_UNUSED_VARIABLE = YES;
				IPHONEOS_DEPLOYMENT_TARGET = 18.2;
				LOCALIZATION_PREFERS_STRING_CATALOGS = YES;
				MTL_ENABLE_DEBUG_INFO = INCLUDE_SOURCE;
				MTL_FAST_MATH = YES;
				ONLY_ACTIVE_ARCH = YES;
				SDKROOT = iphoneos;
				SWIFT_ACTIVE_COMPILATION_CONDITIONS = "DEBUG $(inherited)";
				SWIFT_OPTIMIZATION_LEVEL = "-Onone";
			};
			name = Debug;
		};
		A0D4EC142DA477300056587E /* Release */ = {
			isa = XCBuildConfiguration;
			buildSettings = {
				ALWAYS_SEARCH_USER_PATHS = NO;
				ASSETCATALOG_COMPILER_GENERATE_SWIFT_ASSET_SYMBOL_EXTENSIONS = YES;
				CLANG_ANALYZER_NONNULL = YES;
				CLANG_ANALYZER_NUMBER_OBJECT_CONVERSION = YES_AGGRESSIVE;
				CLANG_CXX_LANGUAGE_STANDARD = "gnu++20";
				CLANG_ENABLE_MODULES = YES;
				CLANG_ENABLE_OBJC_ARC = YES;
				CLANG_ENABLE_OBJC_WEAK = YES;
				CLANG_WARN_BLOCK_CAPTURE_AUTORELEASING = YES;
				CLANG_WARN_BOOL_CONVERSION = YES;
				CLANG_WARN_COMMA = YES;
				CLANG_WARN_CONSTANT_CONVERSION = YES;
				CLANG_WARN_DEPRECATED_OBJC_IMPLEMENTATIONS = YES;
				CLANG_WARN_DIRECT_OBJC_ISA_USAGE = YES_ERROR;
				CLANG_WARN_DOCUMENTATION_COMMENTS = YES;
				CLANG_WARN_EMPTY_BODY = YES;
				CLANG_WARN_ENUM_CONVERSION = YES;
				CLANG_WARN_INFINITE_RECURSION = YES;
				CLANG_WARN_INT_CONVERSION = YES;
				CLANG_WARN_NON_LITERAL_NULL_CONVERSION = YES;
				CLANG_WARN_OBJC_IMPLICIT_RETAIN_SELF = YES;
				CLANG_WARN_OBJC_LITERAL_CONVERSION = YES;
				CLANG_WARN_OBJC_ROOT_CLASS = YES_ERROR;
				CLANG_WARN_QUOTED_INCLUDE_IN_FRAMEWORK_HEADER = YES;
				CLANG_WARN_RANGE_LOOP_ANALYSIS = YES;
				CLANG_WARN_STRICT_PROTOTYPES = YES;
				CLANG_WARN_SUSPICIOUS_MOVE = YES;
				CLANG_WARN_UNGUARDED_AVAILABILITY = YES_AGGRESSIVE;
				CLANG_WARN_UNREACHABLE_CODE = YES;
				CLANG_WARN__DUPLICATE_METHOD_MATCH = YES;
				COPY_PHASE_STRIP = NO;
				DEBUG_INFORMATION_FORMAT = "dwarf-with-dsym";
				ENABLE_NS_ASSERTIONS = NO;
				ENABLE_STRICT_OBJC_MSGSEND = YES;
				ENABLE_USER_SCRIPT_SANDBOXING = YES;
				GCC_C_LANGUAGE_STANDARD = gnu17;
				GCC_NO_COMMON_BLOCKS = YES;
				GCC_WARN_64_TO_32_BIT_CONVERSION = YES;
				GCC_WARN_ABOUT_RETURN_TYPE = YES_ERROR;
				GCC_WARN_UNDECLARED_SELECTOR = YES;
				GCC_WARN_UNINITIALIZED_AUTOS = YES_AGGRESSIVE;
				GCC_WARN_UNUSED_FUNCTION = YES;
				GCC_WARN_UNUSED_VARIABLE = YES;
				IPHONEOS_DEPLOYMENT_TARGET = 18.2;
				LOCALIZATION_PREFERS_STRING_CATALOGS = YES;
				MTL_ENABLE_DEBUG_INFO = NO;
				MTL_FAST_MATH = YES;
				SDKROOT = iphoneos;
				SWIFT_COMPILATION_MODE = wholemodule;
				VALIDATE_PRODUCT = YES;
			};
			name = Release;
		};
		A0D4EC162DA477300056587E /* Debug */ = {
			isa = XCBuildConfiguration;
			buildSettings = {
				BUNDLE_LOADER = "$(TEST_HOST)";
				CODE_SIGN_STYLE = Automatic;
				CURRENT_PROJECT_VERSION = 1;
				DEVELOPMENT_TEAM = D9C28JTVJV;
				GENERATE_INFOPLIST_FILE = YES;
				IPHONEOS_DEPLOYMENT_TARGET = 18.2;
				MARKETING_VERSION = 1.0;
				PRODUCT_BUNDLE_IDENTIFIER = "com.cybercitycode.BMI-Calculator-OOPTests";
				PRODUCT_NAME = "$(TARGET_NAME)";
				SWIFT_EMIT_LOC_STRINGS = NO;
				SWIFT_VERSION = 5.0;
				TARGETED_DEVICE_FAMILY = "1,2";
				TEST_HOST = "$(BUILT_PRODUCTS_DIR)/BMI Calculator OOP.app/$(BUNDLE_EXECUTABLE_FOLDER_PATH)/BMI Calculator OOP";
			};
			name = Debug;
		};
		A0D4EC172DA477300056587E /* Release */ = {
			isa = XCBuildConfiguration;
			buildSettings = {
				BUNDLE_LOADER = "$(TEST_HOST)";
				CODE_SIGN_STYLE = Automatic;
				CURRENT_PROJECT_VERSION = 1;
				DEVELOPMENT_TEAM = D9C28JTVJV;
				GENERATE_INFOPLIST_FILE = YES;
				IPHONEOS_DEPLOYMENT_TARGET = 18.2;
				MARKETING_VERSION = 1.0;
				PRODUCT_BUNDLE_IDENTIFIER = "com.cybercitycode.BMI-Calculator-OOPTests";
				PRODUCT_NAME = "$(TARGET_NAME)";
				SWIFT_EMIT_LOC_STRINGS = NO;
				SWIFT_VERSION = 5.0;
				TARGETED_DEVICE_FAMILY = "1,2";
				TEST_HOST = "$(BUILT_PRODUCTS_DIR)/BMI Calculator OOP.app/$(BUNDLE_EXECUTABLE_FOLDER_PATH)/BMI Calculator OOP";
			};
			name = Release;
		};
		A0D4EC192DA477300056587E /* Debug */ = {
			isa = XCBuildConfiguration;
			buildSettings = {
				CODE_SIGN_STYLE = Automatic;
				CURRENT_PROJECT_VERSION = 1;
				DEVELOPMENT_TEAM = D9C28JTVJV;
				GENERATE_INFOPLIST_FILE = YES;
				MARKETING_VERSION = 1.0;
				PRODUCT_BUNDLE_IDENTIFIER = "com.cybercitycode.BMI-Calculator-OOPUITests";
				PRODUCT_NAME = "$(TARGET_NAME)";
				SWIFT_EMIT_LOC_STRINGS = NO;
				SWIFT_VERSION = 5.0;
				TARGETED_DEVICE_FAMILY = "1,2";
				TEST_TARGET_NAME = "BMI Calculator OOP";
			};
			name = Debug;
		};
		A0D4EC1A2DA477300056587E /* Release */ = {
			isa = XCBuildConfiguration;
			buildSettings = {
				CODE_SIGN_STYLE = Automatic;
				CURRENT_PROJECT_VERSION = 1;
				DEVELOPMENT_TEAM = D9C28JTVJV;
				GENERATE_INFOPLIST_FILE = YES;
				MARKETING_VERSION = 1.0;
				PRODUCT_BUNDLE_IDENTIFIER = "com.cybercitycode.BMI-Calculator-OOPUITests";
				PRODUCT_NAME = "$(TARGET_NAME)";
				SWIFT_EMIT_LOC_STRINGS = NO;
				SWIFT_VERSION = 5.0;
				TARGETED_DEVICE_FAMILY = "1,2";
				TEST_TARGET_NAME = "BMI Calculator OOP";
			};
			name = Release;
		};
/* End XCBuildConfiguration section */

/* Begin XCConfigurationList section */
		A0D4EBE22DA4772C0056587E /* Build configuration list for PBXProject "BMI Calculator OOP" */ = {
			isa = XCConfigurationList;
			buildConfigurations = (
				A0D4EC132DA477300056587E /* Debug */,
				A0D4EC142DA477300056587E /* Release */,
			);
			defaultConfigurationIsVisible = 0;
			defaultConfigurationName = Release;
		};
		A0D4EC102DA477300056587E /* Build configuration list for PBXNativeTarget "BMI Calculator OOP" */ = {
			isa = XCConfigurationList;
			buildConfigurations = (
				A0D4EC112DA477300056587E /* Debug */,
				A0D4EC122DA477300056587E /* Release */,
			);
			defaultConfigurationIsVisible = 0;
			defaultConfigurationName = Release;
		};
		A0D4EC152DA477300056587E /* Build configuration list for PBXNativeTarget "BMI Calculator OOPTests" */ = {
			isa = XCConfigurationList;
			buildConfigurations = (
				A0D4EC162DA477300056587E /* Debug */,
				A0D4EC172DA477300056587E /* Release */,
			);
			defaultConfigurationIsVisible = 0;
			defaultConfigurationName = Release;
		};
		A0D4EC182DA477300056587E /* Build configuration list for PBXNativeTarget "BMI Calculator OOPUITests" */ = {
			isa = XCConfigurationList;
			buildConfigurations = (
				A0D4EC192DA477300056587E /* Debug */,
				A0D4EC1A2DA477300056587E /* Release */,
			);
			defaultConfigurationIsVisible = 0;
			defaultConfigurationName = Release;
		};
/* End XCConfigurationList section */
	};
	rootObject = A0D4EBDF2DA4772C0056587E /* Project object */;
}
